
Microsoft Visual Studio Solution File, Format Version 12.00
# Visual Studio Version 16
VisualStudioVersion = 16.0.32630.194
MinimumVisualStudioVersion = 10.0.40219.1
Project("{FAE04EC0-301F-11D3-BF4B-00C04F79EFBC}") = "WizLib", "WizLib\WizLib.csproj", "{6AD8B76E-1CBA-4F58-9DFE-B4ECCCC41D38}"
EndProject
Project("{FAE04EC0-301F-11D3-BF4B-00C04F79EFBC}") = "WizLib_DataAccess", "WizLib_DataAccess\WizLib_DataAccess.csproj", "{DF054AAD-D8C6-45CD-A503-652365DB4620}"
EndProject
Project("{FAE04EC0-301F-11D3-BF4B-00C04F79EFBC}") = "WizLib_Model", "WizLib_Model\WizLib_Model.csproj", "{47C9673D-78F3-44CD-A5DB-563B104500F1}"
EndProject
Global
	GlobalSection(SolutionConfigurationPlatforms) = preSolution
		Debug|Any CPU = Debug|Any CPU
		Release|Any CPU = Release|Any CPU
	EndGlobalSection
	GlobalSection(ProjectConfigurationPlatforms) = postSolution
		{6AD8B76E-1CBA-4F58-9DFE-B4ECCCC41D38}.Debug|Any CPU.ActiveCfg = Debug|Any CPU
		{6AD8B76E-1CBA-4F58-9DFE-B4ECCCC41D38}.Debug|Any CPU.Build.0 = Debug|Any CPU
		{6AD8B76E-1CBA-4F58-9DFE-B4ECCCC41D38}.Release|Any CPU.ActiveCfg = Release|Any CPU
		{6AD8B76E-1CBA-4F58-9DFE-B4ECCCC41D38}.Release|Any CPU.Build.0 = Release|Any CPU
		{DF054AAD-D8C6-45CD-A503-652365DB4620}.Debug|Any CPU.ActiveCfg = Debug|Any CPU
		{DF054AAD-D8C6-45CD-A503-652365DB4620}.Debug|Any CPU.Build.0 = Debug|Any CPU
		{DF054AAD-D8C6-45CD-A503-652365DB4620}.Release|Any CPU.ActiveCfg = Release|Any CPU
		{DF054AAD-D8C6-45CD-A503-652365DB4620}.Release|Any CPU.Build.0 = Release|Any CPU
		{47C9673D-78F3-44CD-A5DB-563B104500F1}.Debug|Any CPU.ActiveCfg = Debug|Any CPU
		{47C9673D-78F3-44CD-A5DB-563B104500F1}.Debug|Any CPU.Build.0 = Debug|Any CPU
		{47C9673D-78F3-44CD-A5DB-563B104500F1}.Release|Any CPU.ActiveCfg = Release|Any CPU
		{47C9673D-78F3-44CD-A5DB-563B104500F1}.Release|Any CPU.Build.0 = Release|Any CPU
	EndGlobalSection
	GlobalSection(SolutionProperties) = preSolution
		HideSolutionNode = FALSE
	EndGlobalSection
	GlobalSection(ExtensibilityGlobals) = postSolution
		SolutionGuid = {F2EA32E7-DAAA-44C7-AECC-73F498501A7E}
	EndGlobalSection
EndGlobal
